
Microsoft Visual Studio Solution File, Format Version 12.00
# Visual Studio Version 17
VisualStudioVersion = 17.0.31903.59
MinimumVisualStudioVersion = 10.0.40219.1
Project("{2150E333-8FDC-42A3-9474-1A3956D46DE8}") = "src", "src", "{827E0CD3-B72D-47B6-A68D-7590B98EB39B}"
EndProject
Project("{FAE04EC0-301F-11D3-BF4B-00C04F79EFBC}") = "VoidNote.App", "src\VoidNote.App\VoidNote.App.csproj", "{E79C237F-E588-44F2-8B78-BD79B54CAA82}"
EndProject
Project("{FAE04EC0-301F-11D3-BF4B-00C04F79EFBC}") = "VoidNote.Application", "src\VoidNote.Application\VoidNote.Application.csproj", "{9C3A528B-E20F-4771-948D-F245C4187972}"
EndProject
Project("{FAE04EC0-301F-11D3-BF4B-00C04F79EFBC}") = "VoidNote.Audio", "src\VoidNote.Audio\VoidNote.Audio.csproj", "{10DDA500-A02A-461F-B477-8349022CCCF3}"
EndProject
Project("{FAE04EC0-301F-11D3-BF4B-00C04F79EFBC}") = "VoidNote.Domain", "src\VoidNote.Domain\VoidNote.Domain.csproj", "{142AD070-CCB1-4504-A4BD-8973788B3A04}"
EndProject
Project("{FAE04EC0-301F-11D3-BF4B-00C04F79EFBC}") = "VoidNote.GameBridge", "src\VoidNote.GameBridge\VoidNote.GameBridge.csproj", "{A95E483B-5685-487B-941A-1DFB7EEA4D65}"
EndProject
Project("{FAE04EC0-301F-11D3-BF4B-00C04F79EFBC}") = "VoidNote.Infrastructure", "src\VoidNote.Infrastructure\VoidNote.Infrastructure.csproj", "{D957BFF8-E582-4F5F-80BC-EDD75A0701C2}"
EndProject
Project("{FAE04EC0-301F-11D3-BF4B-00C04F79EFBC}") = "VoidNote.Mandachord", "src\VoidNote.Mandachord\VoidNote.Mandachord.csproj", "{ED6665F5-7328-48AE-870C-B0E179D422F4}"
EndProject
Project("{FAE04EC0-301F-11D3-BF4B-00C04F79EFBC}") = "VoidNote.Midi", "src\VoidNote.Midi\VoidNote.Midi.csproj", "{8EA4F723-F547-47A0-9926-292B19FA6EEE}"
EndProject
Project("{FAE04EC0-301F-11D3-BF4B-00C04F79EFBC}") = "VoidNote.PluginContracts", "src\VoidNote.PluginContracts\VoidNote.PluginContracts.csproj", "{CE16A1A3-CBC0-4A12-A39E-DC3F1E170040}"
EndProject
Project("{FAE04EC0-301F-11D3-BF4B-00C04F79EFBC}") = "VoidNote.Shawzin", "src\VoidNote.Shawzin\VoidNote.Shawzin.csproj", "{3C40748C-9590-4F7D-81BC-5812DA666D63}"
EndProject
Project("{2150E333-8FDC-42A3-9474-1A3956D46DE8}") = "tests", "tests", "{0AB3BF05-4346-4AA6-1389-037BE0695223}"
EndProject
Project("{FAE04EC0-301F-11D3-BF4B-00C04F79EFBC}") = "VoidNote.Audio.Tests", "tests\VoidNote.Audio.Tests\VoidNote.Audio.Tests.csproj", "{11619A79-0761-4CB3-91DB-F66DA9F4B744}"
EndProject
Project("{FAE04EC0-301F-11D3-BF4B-00C04F79EFBC}") = "VoidNote.Domain.Tests", "tests\VoidNote.Domain.Tests\VoidNote.Domain.Tests.csproj", "{99D15E7F-7BB0-477E-9AC6-BE839432C2C5}"
EndProject
Project("{FAE04EC0-301F-11D3-BF4B-00C04F79EFBC}") = "VoidNote.IntegrationTests", "tests\VoidNote.IntegrationTests\VoidNote.IntegrationTests.csproj", "{15D24574-6BC4-4A5E-9A84-F49B059D0F14}"
EndProject
Project("{FAE04EC0-301F-11D3-BF4B-00C04F79EFBC}") = "VoidNote.Mandachord.Tests", "tests\VoidNote.Mandachord.Tests\VoidNote.Mandachord.Tests.csproj", "{4FEDD0EC-F8E0-4C35-87B9-F7E8ABEFC0D8}"
EndProject
Project("{FAE04EC0-301F-11D3-BF4B-00C04F79EFBC}") = "VoidNote.Midi.Tests", "tests\VoidNote.Midi.Tests\VoidNote.Midi.Tests.csproj", "{F456594A-CAA1-46B9-8239-6F10072A4951}"
EndProject
Project("{FAE04EC0-301F-11D3-BF4B-00C04F79EFBC}") = "VoidNote.Shawzin.Tests", "tests\VoidNote.Shawzin.Tests\VoidNote.Shawzin.Tests.csproj", "{0E9D1F50-C4CD-4D24-B004-9AD742F8A3CF}"
EndProject
Global
	GlobalSection(SolutionConfigurationPlatforms) = preSolution
		Debug|Any CPU = Debug|Any CPU
		Debug|x64 = Debug|x64
		Debug|x86 = Debug|x86
		Release|Any CPU = Release|Any CPU
		Release|x64 = Release|x64
		Release|x86 = Release|x86
	EndGlobalSection
	GlobalSection(ProjectConfigurationPlatforms) = postSolution
		{E79C237F-E588-44F2-8B78-BD79B54CAA82}.Debug|Any CPU.ActiveCfg = Debug|Any CPU
		{E79C237F-E588-44F2-8B78-BD79B54CAA82}.Debug|Any CPU.Build.0 = Debug|Any CPU
		{E79C237F-E588-44F2-8B78-BD79B54CAA82}.Debug|x64.ActiveCfg = Debug|Any CPU
		{E79C237F-E588-44F2-8B78-BD79B54CAA82}.Debug|x64.Build.0 = Debug|Any CPU
		{E79C237F-E588-44F2-8B78-BD79B54CAA82}.Debug|x86.ActiveCfg = Debug|Any CPU
		{E79C237F-E588-44F2-8B78-BD79B54CAA82}.Debug|x86.Build.0 = Debug|Any CPU
		{E79C237F-E588-44F2-8B78-BD79B54CAA82}.Release|Any CPU.ActiveCfg = Release|Any CPU
		{E79C237F-E588-44F2-8B78-BD79B54CAA82}.Release|Any CPU.Build.0 = Release|Any CPU
		{E79C237F-E588-44F2-8B78-BD79B54CAA82}.Release|x64.ActiveCfg = Release|Any CPU
		{E79C237F-E588-44F2-8B78-BD79B54CAA82}.Release|x64.Build.0 = Release|Any CPU
		{E79C237F-E588-44F2-8B78-BD79B54CAA82}.Release|x86.ActiveCfg = Release|Any CPU
		{E79C237F-E588-44F2-8B78-BD79B54CAA82}.Release|x86.Build.0 = Release|Any CPU
		{9C3A528B-E20F-4771-948D-F245C4187972}.Debug|Any CPU.ActiveCfg = Debug|Any CPU
		{9C3A528B-E20F-4771-948D-F245C4187972}.Debug|Any CPU.Build.0 = Debug|Any CPU
		{9C3A528B-E20F-4771-948D-F245C4187972}.Debug|x64.ActiveCfg = Debug|Any CPU
		{9C3A528B-E20F-4771-948D-F245C4187972}.Debug|x64.Build.0 = Debug|Any CPU
		{9C3A528B-E20F-4771-948D-F245C4187972}.Debug|x86.ActiveCfg = Debug|Any CPU
		{9C3A528B-E20F-4771-948D-F245C4187972}.Debug|x86.Build.0 = Debug|Any CPU
		{9C3A528B-E20F-4771-948D-F245C4187972}.Release|Any CPU.ActiveCfg = Release|Any CPU
		{9C3A528B-E20F-4771-948D-F245C4187972}.Release|Any CPU.Build.0 = Release|Any CPU
		{9C3A528B-E20F-4771-948D-F245C4187972}.Release|x64.ActiveCfg = Release|Any CPU
		{9C3A528B-E20F-4771-948D-F245C4187972}.Release|x64.Build.0 = Release|Any CPU
		{9C3A528B-E20F-4771-948D-F245C4187972}.Release|x86.ActiveCfg = Release|Any CPU
		{9C3A528B-E20F-4771-948D-F245C4187972}.Release|x86.Build.0 = Release|Any CPU
		{10DDA500-A02A-461F-B477-8349022CCCF3}.Debug|Any CPU.ActiveCfg = Debug|Any CPU
		{10DDA500-A02A-461F-B477-8349022CCCF3}.Debug|Any CPU.Build.0 = Debug|Any CPU
		{10DDA500-A02A-461F-B477-8349022CCCF3}.Debug|x64.ActiveCfg = Debug|Any CPU
		{10DDA500-A02A-461F-B477-8349022CCCF3}.Debug|x64.Build.0 = Debug|Any CPU
		{10DDA500-A02A-461F-B477-8349022CCCF3}.Debug|x86.ActiveCfg = Debug|Any CPU
		{10DDA500-A02A-461F-B477-8349022CCCF3}.Debug|x86.Build.0 = Debug|Any CPU
		{10DDA500-A02A-461F-B477-8349022CCCF3}.Release|Any CPU.ActiveCfg = Release|Any CPU
		{10DDA500-A02A-461F-B477-8349022CCCF3}.Release|Any CPU.Build.0 = Release|Any CPU
		{10DDA500-A02A-461F-B477-8349022CCCF3}.Release|x64.ActiveCfg = Release|Any CPU
		{10DDA500-A02A-461F-B477-8349022CCCF3}.Release|x64.Build.0 = Release|Any CPU
		{10DDA500-A02A-461F-B477-8349022CCCF3}.Release|x86.ActiveCfg = Release|Any CPU
		{10DDA500-A02A-461F-B477-8349022CCCF3}.Release|x86.Build.0 = Release|Any CPU
		{142AD070-CCB1-4504-A4BD-8973788B3A04}.Debug|Any CPU.ActiveCfg = Debug|Any CPU
		{142AD070-CCB1-4504-A4BD-8973788B3A04}.Debug|Any CPU.Build.0 = Debug|Any CPU
		{142AD070-CCB1-4504-A4BD-8973788B3A04}.Debug|x64.ActiveCfg = Debug|Any CPU
		{142AD070-CCB1-4504-A4BD-8973788B3A04}.Debug|x64.Build.0 = Debug|Any CPU
		{142AD070-CCB1-4504-A4BD-8973788B3A04}.Debug|x86.ActiveCfg = Debug|Any CPU
		{142AD070-CCB1-4504-A4BD-8973788B3A04}.Debug|x86.Build.0 = Debug|Any CPU
		{142AD070-CCB1-4504-A4BD-8973788B3A04}.Release|Any CPU.ActiveCfg = Release|Any CPU
		{142AD070-CCB1-4504-A4BD-8973788B3A04}.Release|Any CPU.Build.0 = Release|Any CPU
		{142AD070-CCB1-4504-A4BD-8973788B3A04}.Release|x64.ActiveCfg = Release|Any CPU
		{142AD070-CCB1-4504-A4BD-8973788B3A04}.Release|x64.Build.0 = Release|Any CPU
		{142AD070-CCB1-4504-A4BD-8973788B3A04}.Release|x86.ActiveCfg = Release|Any CPU
		{142AD070-CCB1-4504-A4BD-8973788B3A04}.Release|x86.Build.0 = Release|Any CPU
		{A95E483B-5685-487B-941A-1DFB7EEA4D65}.Debug|Any CPU.ActiveCfg = Debug|Any CPU
		{A95E483B-5685-487B-941A-1DFB7EEA4D65}.Debug|Any CPU.Build.0 = Debug|Any CPU
		{A95E483B-5685-487B-941A-1DFB7EEA4D65}.Debug|x64.ActiveCfg = Debug|Any CPU
		{A95E483B-5685-487B-941A-1DFB7EEA4D65}.Debug|x64.Build.0 = Debug|Any CPU
		{A95E483B-5685-487B-941A-1DFB7EEA4D65}.Debug|x86.ActiveCfg = Debug|Any CPU
		{A95E483B-5685-487B-941A-1DFB7EEA4D65}.Debug|x86.Build.0 = Debug|Any CPU
		{A95E483B-5685-487B-941A-1DFB7EEA4D65}.Release|Any CPU.ActiveCfg = Release|Any CPU
		{A95E483B-5685-487B-941A-1DFB7EEA4D65}.Release|Any CPU.Build.0 = Release|Any CPU
		{A95E483B-5685-487B-941A-1DFB7EEA4D65}.Release|x64.ActiveCfg = Release|Any CPU
		{A95E483B-5685-487B-941A-1DFB7EEA4D65}.Release|x64.Build.0 = Release|Any CPU
		{A95E483B-5685-487B-941A-1DFB7EEA4D65}.Release|x86.ActiveCfg = Release|Any CPU
		{A95E483B-5685-487B-941A-1DFB7EEA4D65}.Release|x86.Build.0 = Release|Any CPU
		{D957BFF8-E582-4F5F-80BC-EDD75A0701C2}.Debug|Any CPU.ActiveCfg = Debug|Any CPU
		{D957BFF8-E582-4F5F-80BC-EDD75A0701C2}.Debug|Any CPU.Build.0 = Debug|Any CPU
		{D957BFF8-E582-4F5F-80BC-EDD75A0701C2}.Debug|x64.ActiveCfg = Debug|Any CPU
		{D957BFF8-E582-4F5F-80BC-EDD75A0701C2}.Debug|x64.Build.0 = Debug|Any CPU
		{D957BFF8-E582-4F5F-80BC-EDD75A0701C2}.Debug|x86.ActiveCfg = Debug|Any CPU
		{D957BFF8-E582-4F5F-80BC-EDD75A0701C2}.Debug|x86.Build.0 = Debug|Any CPU
		{D957BFF8-E582-4F5F-80BC-EDD75A0701C2}.Release|Any CPU.ActiveCfg = Release|Any CPU
		{D957BFF8-E582-4F5F-80BC-EDD75A0701C2}.Release|Any CPU.Build.0 = Release|Any CPU
		{D957BFF8-E582-4F5F-80BC-EDD75A0701C2}.Release|x64.ActiveCfg = Release|Any CPU
		{D957BFF8-E582-4F5F-80BC-EDD75A0701C2}.Release|x64.Build.0 = Release|Any CPU
		{D957BFF8-E582-4F5F-80BC-EDD75A0701C2}.Release|x86.ActiveCfg = Release|Any CPU
		{D957BFF8-E582-4F5F-80BC-EDD75A0701C2}.Release|x86.Build.0 = Release|Any CPU
		{ED6665F5-7328-48AE-870C-B0E179D422F4}.Debug|Any CPU.ActiveCfg = Debug|Any CPU
		{ED6665F5-7328-48AE-870C-B0E179D422F4}.Debug|Any CPU.Build.0 = Debug|Any CPU
		{ED6665F5-7328-48AE-870C-B0E179D422F4}.Debug|x64.ActiveCfg = Debug|Any CPU
		{ED6665F5-7328-48AE-870C-B0E179D422F4}.Debug|x64.Build.0 = Debug|Any CPU
		{ED6665F5-7328-48AE-870C-B0E179D422F4}.Debug|x86.ActiveCfg = Debug|Any CPU
		{ED6665F5-7328-48AE-870C-B0E179D422F4}.Debug|x86.Build.0 = Debug|Any CPU
		{ED6665F5-7328-48AE-870C-B0E179D422F4}.Release|Any CPU.ActiveCfg = Release|Any CPU
		{ED6665F5-7328-48AE-870C-B0E179D422F4}.Release|Any CPU.Build.0 = Release|Any CPU
		{ED6665F5-7328-48AE-870C-B0E179D422F4}.Release|x64.ActiveCfg = Release|Any CPU
		{ED6665F5-7328-48AE-870C-B0E179D422F4}.Release|x64.Build.0 = Release|Any CPU
		{ED6665F5-7328-48AE-870C-B0E179D422F4}.Release|x86.ActiveCfg = Release|Any CPU
		{ED6665F5-7328-48AE-870C-B0E179D422F4}.Release|x86.Build.0 = Release|Any CPU
		{8EA4F723-F547-47A0-9926-292B19FA6EEE}.Debug|Any CPU.ActiveCfg = Debug|Any CPU
		{8EA4F723-F547-47A0-9926-292B19FA6EEE}.Debug|Any CPU.Build.0 = Debug|Any CPU
		{8EA4F723-F547-47A0-9926-292B19FA6EEE}.Debug|x64.ActiveCfg = Debug|Any CPU
		{8EA4F723-F547-47A0-9926-292B19FA6EEE}.Debug|x64.Build.0 = Debug|Any CPU
		{8EA4F723-F547-47A0-9926-292B19FA6EEE}.Debug|x86.ActiveCfg = Debug|Any CPU
		{8EA4F723-F547-47A0-9926-292B19FA6EEE}.Debug|x86.Build.0 = Debug|Any CPU
		{8EA4F723-F547-47A0-9926-292B19FA6EEE}.Release|Any CPU.ActiveCfg = Release|Any CPU
		{8EA4F723-F547-47A0-9926-292B19FA6EEE}.Release|Any CPU.Build.0 = Release|Any CPU
		{8EA4F723-F547-47A0-9926-292B19FA6EEE}.Release|x64.ActiveCfg = Release|Any CPU
		{8EA4F723-F547-47A0-9926-292B19FA6EEE}.Release|x64.Build.0 = Release|Any CPU
		{8EA4F723-F547-47A0-9926-292B19FA6EEE}.Release|x86.ActiveCfg = Release|Any CPU
		{8EA4F723-F547-47A0-9926-292B19FA6EEE}.Release|x86.Build.0 = Release|Any CPU
		{CE16A1A3-CBC0-4A12-A39E-DC3F1E170040}.Debug|Any CPU.ActiveCfg = Debug|Any CPU
		{CE16A1A3-CBC0-4A12-A39E-DC3F1E170040}.Debug|Any CPU.Build.0 = Debug|Any CPU
		{CE16A1A3-CBC0-4A12-A39E-DC3F1E170040}.Debug|x64.ActiveCfg = Debug|Any CPU
		{CE16A1A3-CBC0-4A12-A39E-DC3F1E170040}.Debug|x64.Build.0 = Debug|Any CPU
		{CE16A1A3-CBC0-4A12-A39E-DC3F1E170040}.Debug|x86.ActiveCfg = Debug|Any CPU
		{CE16A1A3-CBC0-4A12-A39E-DC3F1E170040}.Debug|x86.Build.0 = Debug|Any CPU
		{CE16A1A3-CBC0-4A12-A39E-DC3F1E170040}.Release|Any CPU.ActiveCfg = Release|Any CPU
		{CE16A1A3-CBC0-4A12-A39E-DC3F1E170040}.Release|Any CPU.Build.0 = Release|Any CPU
		{CE16A1A3-CBC0-4A12-A39E-DC3F1E170040}.Release|x64.ActiveCfg = Release|Any CPU
		{CE16A1A3-CBC0-4A12-A39E-DC3F1E170040}.Release|x64.Build.0 = Release|Any CPU
		{CE16A1A3-CBC0-4A12-A39E-DC3F1E170040}.Release|x86.ActiveCfg = Release|Any CPU
		{CE16A1A3-CBC0-4A12-A39E-DC3F1E170040}.Release|x86.Build.0 = Release|Any CPU
		{3C40748C-9590-4F7D-81BC-5812DA666D63}.Debug|Any CPU.ActiveCfg = Debug|Any CPU
		{3C40748C-9590-4F7D-81BC-5812DA666D63}.Debug|Any CPU.Build.0 = Debug|Any CPU
		{3C40748C-9590-4F7D-81BC-5812DA666D63}.Debug|x64.ActiveCfg = Debug|Any CPU
		{3C40748C-9590-4F7D-81BC-5812DA666D63}.Debug|x64.Build.0 = Debug|Any CPU
		{3C40748C-9590-4F7D-81BC-5812DA666D63}.Debug|x86.ActiveCfg = Debug|Any CPU
		{3C40748C-9590-4F7D-81BC-5812DA666D63}.Debug|x86.Build.0 = Debug|Any CPU
		{3C40748C-9590-4F7D-81BC-5812DA666D63}.Release|Any CPU.ActiveCfg = Release|Any CPU
		{3C40748C-9590-4F7D-81BC-5812DA666D63}.Release|Any CPU.Build.0 = Release|Any CPU
		{3C40748C-9590-4F7D-81BC-5812DA666D63}.Release|x64.ActiveCfg = Release|Any CPU
		{3C40748C-9590-4F7D-81BC-5812DA666D63}.Release|x64.Build.0 = Release|Any CPU
		{3C40748C-9590-4F7D-81BC-5812DA666D63}.Release|x86.ActiveCfg = Release|Any CPU
		{3C40748C-9590-4F7D-81BC-5812DA666D63}.Release|x86.Build.0 = Release|Any CPU
		{11619A79-0761-4CB3-91DB-F66DA9F4B744}.Debug|Any CPU.ActiveCfg = Debug|Any CPU
		{11619A79-0761-4CB3-91DB-F66DA9F4B744}.Debug|Any CPU.Build.0 = Debug|Any CPU
		{11619A79-0761-4CB3-91DB-F66DA9F4B744}.Debug|x64.ActiveCfg = Debug|Any CPU
		{11619A79-0761-4CB3-91DB-F66DA9F4B744}.Debug|x64.Build.0 = Debug|Any CPU
		{11619A79-0761-4CB3-91DB-F66DA9F4B744}.Debug|x86.ActiveCfg = Debug|Any CPU
		{11619A79-0761-4CB3-91DB-F66DA9F4B744}.Debug|x86.Build.0 = Debug|Any CPU
		{11619A79-0761-4CB3-91DB-F66DA9F4B744}.Release|Any CPU.ActiveCfg = Release|Any CPU
		{11619A79-0761-4CB3-91DB-F66DA9F4B744}.Release|Any CPU.Build.0 = Release|Any CPU
		{11619A79-0761-4CB3-91DB-F66DA9F4B744}.Release|x64.ActiveCfg = Release|Any CPU
		{11619A79-0761-4CB3-91DB-F66DA9F4B744}.Release|x64.Build.0 = Release|Any CPU
		{11619A79-0761-4CB3-91DB-F66DA9F4B744}.Release|x86.ActiveCfg = Release|Any CPU
		{11619A79-0761-4CB3-91DB-F66DA9F4B744}.Release|x86.Build.0 = Release|Any CPU
		{99D15E7F-7BB0-477E-9AC6-BE839432C2C5}.Debug|Any CPU.ActiveCfg = Debug|Any CPU
		{99D15E7F-7BB0-477E-9AC6-BE839432C2C5}.Debug|Any CPU.Build.0 = Debug|Any CPU
		{99D15E7F-7BB0-477E-9AC6-BE839432C2C5}.Debug|x64.ActiveCfg = Debug|Any CPU
		{99D15E7F-7BB0-477E-9AC6-BE839432C2C5}.Debug|x64.Build.0 = Debug|Any CPU
		{99D15E7F-7BB0-477E-9AC6-BE839432C2C5}.Debug|x86.ActiveCfg = Debug|Any CPU
		{99D15E7F-7BB0-477E-9AC6-BE839432C2C5}.Debug|x86.Build.0 = Debug|Any CPU
		{99D15E7F-7BB0-477E-9AC6-BE839432C2C5}.Release|Any CPU.ActiveCfg = Release|Any CPU
		{99D15E7F-7BB0-477E-9AC6-BE839432C2C5}.Release|Any CPU.Build.0 = Release|Any CPU
		{99D15E7F-7BB0-477E-9AC6-BE839432C2C5}.Release|x64.ActiveCfg = Release|Any CPU
		{99D15E7F-7BB0-477E-9AC6-BE839432C2C5}.Release|x64.Build.0 = Release|Any CPU
		{99D15E7F-7BB0-477E-9AC6-BE839432C2C5}.Release|x86.ActiveCfg = Release|Any CPU
		{99D15E7F-7BB0-477E-9AC6-BE839432C2C5}.Release|x86.Build.0 = Release|Any CPU
		{15D24574-6BC4-4A5E-9A84-F49B059D0F14}.Debug|Any CPU.ActiveCfg = Debug|Any CPU
		{15D24574-6BC4-4A5E-9A84-F49B059D0F14}.Debug|Any CPU.Build.0 = Debug|Any CPU
		{15D24574-6BC4-4A5E-9A84-F49B059D0F14}.Debug|x64.ActiveCfg = Debug|Any CPU
		{15D24574-6BC4-4A5E-9A84-F49B059D0F14}.Debug|x64.Build.0 = Debug|Any CPU
		{15D24574-6BC4-4A5E-9A84-F49B059D0F14}.Debug|x86.ActiveCfg = Debug|Any CPU
		{15D24574-6BC4-4A5E-9A84-F49B059D0F14}.Debug|x86.Build.0 = Debug|Any CPU
		{15D24574-6BC4-4A5E-9A84-F49B059D0F14}.Release|Any CPU.ActiveCfg = Release|Any CPU
		{15D24574-6BC4-4A5E-9A84-F49B059D0F14}.Release|Any CPU.Build.0 = Release|Any CPU
		{15D24574-6BC4-4A5E-9A84-F49B059D0F14}.Release|x64.ActiveCfg = Release|Any CPU
		{15D24574-6BC4-4A5E-9A84-F49B059D0F14}.Release|x64.Build.0 = Release|Any CPU
		{15D24574-6BC4-4A5E-9A84-F49B059D0F14}.Release|x86.ActiveCfg = Release|Any CPU
		{15D24574-6BC4-4A5E-9A84-F49B059D0F14}.Release|x86.Build.0 = Release|Any CPU
		{4FEDD0EC-F8E0-4C35-87B9-F7E8ABEFC0D8}.Debug|Any CPU.ActiveCfg = Debug|Any CPU
		{4FEDD0EC-F8E0-4C35-87B9-F7E8ABEFC0D8}.Debug|Any CPU.Build.0 = Debug|Any CPU
		{4FEDD0EC-F8E0-4C35-87B9-F7E8ABEFC0D8}.Debug|x64.ActiveCfg = Debug|Any CPU
		{4FEDD0EC-F8E0-4C35-87B9-F7E8ABEFC0D8}.Debug|x64.Build.0 = Debug|Any CPU
		{4FEDD0EC-F8E0-4C35-87B9-F7E8ABEFC0D8}.Debug|x86.ActiveCfg = Debug|Any CPU
		{4FEDD0EC-F8E0-4C35-87B9-F7E8ABEFC0D8}.Debug|x86.Build.0 = Debug|Any CPU
		{4FEDD0EC-F8E0-4C35-87B9-F7E8ABEFC0D8}.Release|Any CPU.ActiveCfg = Release|Any CPU
		{4FEDD0EC-F8E0-4C35-87B9-F7E8ABEFC0D8}.Release|Any CPU.Build.0 = Release|Any CPU
		{4FEDD0EC-F8E0-4C35-87B9-F7E8ABEFC0D8}.Release|x64.ActiveCfg = Release|Any CPU
		{4FEDD0EC-F8E0-4C35-87B9-F7E8ABEFC0D8}.Release|x64.Build.0 = Release|Any CPU
		{4FEDD0EC-F8E0-4C35-87B9-F7E8ABEFC0D8}.Release|x86.ActiveCfg = Release|Any CPU
		{4FEDD0EC-F8E0-4C35-87B9-F7E8ABEFC0D8}.Release|x86.Build.0 = Release|Any CPU
		{F456594A-CAA1-46B9-8239-6F10072A4951}.Debug|Any CPU.ActiveCfg = Debug|Any CPU
		{F456594A-CAA1-46B9-8239-6F10072A4951}.Debug|Any CPU.Build.0 = Debug|Any CPU
		{F456594A-CAA1-46B9-8239-6F10072A4951}.Debug|x64.ActiveCfg = Debug|Any CPU
		{F456594A-CAA1-46B9-8239-6F10072A4951}.Debug|x64.Build.0 = Debug|Any CPU
		{F456594A-CAA1-46B9-8239-6F10072A4951}.Debug|x86.ActiveCfg = Debug|Any CPU
		{F456594A-CAA1-46B9-8239-6F10072A4951}.Debug|x86.Build.0 = Debug|Any CPU
		{F456594A-CAA1-46B9-8239-6F10072A4951}.Release|Any CPU.ActiveCfg = Release|Any CPU
		{F456594A-CAA1-46B9-8239-6F10072A4951}.Release|Any CPU.Build.0 = Release|Any CPU
		{F456594A-CAA1-46B9-8239-6F10072A4951}.Release|x64.ActiveCfg = Release|Any CPU
		{F456594A-CAA1-46B9-8239-6F10072A4951}.Release|x64.Build.0 = Release|Any CPU
		{F456594A-CAA1-46B9-8239-6F10072A4951}.Release|x86.ActiveCfg = Release|Any CPU
		{F456594A-CAA1-46B9-8239-6F10072A4951}.Release|x86.Build.0 = Release|Any CPU
		{0E9D1F50-C4CD-4D24-B004-9AD742F8A3CF}.Debug|Any CPU.ActiveCfg = Debug|Any CPU
		{0E9D1F50-C4CD-4D24-B004-9AD742F8A3CF}.Debug|Any CPU.Build.0 = Debug|Any CPU
		{0E9D1F50-C4CD-4D24-B004-9AD742F8A3CF}.Debug|x64.ActiveCfg = Debug|Any CPU
		{0E9D1F50-C4CD-4D24-B004-9AD742F8A3CF}.Debug|x64.Build.0 = Debug|Any CPU
		{0E9D1F50-C4CD-4D24-B004-9AD742F8A3CF}.Debug|x86.ActiveCfg = Debug|Any CPU
		{0E9D1F50-C4CD-4D24-B004-9AD742F8A3CF}.Debug|x86.Build.0 = Debug|Any CPU
		{0E9D1F50-C4CD-4D24-B004-9AD742F8A3CF}.Release|Any CPU.ActiveCfg = Release|Any CPU
		{0E9D1F50-C4CD-4D24-B004-9AD742F8A3CF}.Release|Any CPU.Build.0 = Release|Any CPU
		{0E9D1F50-C4CD-4D24-B004-9AD742F8A3CF}.Release|x64.ActiveCfg = Release|Any CPU
		{0E9D1F50-C4CD-4D24-B004-9AD742F8A3CF}.Release|x64.Build.0 = Release|Any CPU
		{0E9D1F50-C4CD-4D24-B004-9AD742F8A3CF}.Release|x86.ActiveCfg = Release|Any CPU
		{0E9D1F50-C4CD-4D24-B004-9AD742F8A3CF}.Release|x86.Build.0 = Release|Any CPU
	EndGlobalSection
	GlobalSection(SolutionProperties) = preSolution
		HideSolutionNode = FALSE
	EndGlobalSection
	GlobalSection(NestedProjects) = preSolution
		{E79C237F-E588-44F2-8B78-BD79B54CAA82} = {827E0CD3-B72D-47B6-A68D-7590B98EB39B}
		{9C3A528B-E20F-4771-948D-F245C4187972} = {827E0CD3-B72D-47B6-A68D-7590B98EB39B}
		{10DDA500-A02A-461F-B477-8349022CCCF3} = {827E0CD3-B72D-47B6-A68D-7590B98EB39B}
		{142AD070-CCB1-4504-A4BD-8973788B3A04} = {827E0CD3-B72D-47B6-A68D-7590B98EB39B}
		{A95E483B-5685-487B-941A-1DFB7EEA4D65} = {827E0CD3-B72D-47B6-A68D-7590B98EB39B}
		{D957BFF8-E582-4F5F-80BC-EDD75A0701C2} = {827E0CD3-B72D-47B6-A68D-7590B98EB39B}
		{ED6665F5-7328-48AE-870C-B0E179D422F4} = {827E0CD3-B72D-47B6-A68D-7590B98EB39B}
		{8EA4F723-F547-47A0-9926-292B19FA6EEE} = {827E0CD3-B72D-47B6-A68D-7590B98EB39B}
		{CE16A1A3-CBC0-4A12-A39E-DC3F1E170040} = {827E0CD3-B72D-47B6-A68D-7590B98EB39B}
		{3C40748C-9590-4F7D-81BC-5812DA666D63} = {827E0CD3-B72D-47B6-A68D-7590B98EB39B}
		{11619A79-0761-4CB3-91DB-F66DA9F4B744} = {0AB3BF05-4346-4AA6-1389-037BE0695223}
		{99D15E7F-7BB0-477E-9AC6-BE839432C2C5} = {0AB3BF05-4346-4AA6-1389-037BE0695223}
		{15D24574-6BC4-4A5E-9A84-F49B059D0F14} = {0AB3BF05-4346-4AA6-1389-037BE0695223}
		{4FEDD0EC-F8E0-4C35-87B9-F7E8ABEFC0D8} = {0AB3BF05-4346-4AA6-1389-037BE0695223}
		{F456594A-CAA1-46B9-8239-6F10072A4951} = {0AB3BF05-4346-4AA6-1389-037BE0695223}
		{0E9D1F50-C4CD-4D24-B004-9AD742F8A3CF} = {0AB3BF05-4346-4AA6-1389-037BE0695223}
	EndGlobalSection
EndGlobal
